<?xml version="1.0" encoding="utf-8"?>
<Project ToolsVersion="4.0" xmlns="http://schemas.microsoft.com/developer/msbuild/2003">
  <ItemGroup>
    <Filter Include="Source Files">
      <UniqueIdentifier>{4FC737F1-C7A5-4376-A066-2A32D752A2FF}</UniqueIdentifier>
      <Extensions>cpp;c;cc;cxx;def;odl;idl;hpj;bat;asm;asmx</Extensions>
    </Filter>
    <Filter Include="Header Files">
      <UniqueIdentifier>{93995380-89BD-4b04-88EB-625FBE52EBFB}</UniqueIdentifier>
      <Extensions>h;hh;hpp;hxx;hm;inl;inc;xsd</Extensions>
    </Filter>
    <Filter Include="Resource Files">
      <UniqueIdentifier>{67DA6AB6-F800-4c08-8B7A-83BB121AAD01}</UniqueIdentifier>
      <Extensions>rc;ico;cur;bmp;dlg;rc2;rct;bin;rgs;gif;jpg;jpeg;jpe;resx;tiff;tif;png;wav;mfcribbon-ms</Extensions>
    </Filter>
    <Filter Include="Header Files\Applications">
      <UniqueIdentifier>{eb41967a-ce89-4866-8893-1e7c4ddf0f6f}</UniqueIdentifier>
    </Filter>
    <Filter Include="Source Files\Applications">
      <UniqueIdentifier>{df55d598-533e-498d-9e05-1a3ab73aee92}</UniqueIdentifier>
    </Filter>
    <Filter Include="Resource Files\Shaders">
      <UniqueIdentifier>{efe2ac5e-3b54-4a2c-a90d-cbdd764d9b96}</UniqueIdentifier>
    </Filter>
    <Filter Include="Resource Files\Shaders\Fragment">
      <UniqueIdentifier>{6e341ca2-123c-4d9b-8812-1365f7c5abdc}</UniqueIdentifier>
    </Filter>
    <Filter Include="Resource Files\Shaders\Vertex">
      <UniqueIdentifier>{79854f5b-5d71-4f2a-bf5c-dcfd9ca3e118}</UniqueIdentifier>
    </Filter>
    <Filter Include="Source Files\Definitions">
      <UniqueIdentifier>{51893993-8142-48fa-9e6d-32c70422c358}</UniqueIdentifier>
    </Filter>
  </ItemGroup>
  <ItemGroup>
    <ClCompile Include="main.cpp">
      <Filter>Source Files</Filter>
    </ClCompile>
    <ClCompile Include="ModelLoadingApp.cpp">
      <Filter>Source Files\Applications</Filter>
    </ClCompile>
    <ClCompile Include="BasicLightingApp.cpp">
      <Filter>Source Files\Applications</Filter>
    </ClCompile>
    <ClCompile Include="Basic3DSceneApp.cpp">
      <Filter>Source Files\Applications</Filter>
    </ClCompile>
    <ClCompile Include="globals.cpp">
      <Filter>Source Files\Definitions</Filter>
    </ClCompile>
    <ClCompile Include="Mesh.cpp">
      <Filter>Source Files\Definitions</Filter>
    </ClCompile>
  </ItemGroup>
  <ItemGroup>
    <ClInclude Include="Mesh.h">
      <Filter>Header Files</Filter>
    </ClInclude>
    <ClInclude Include="Application.h">
      <Filter>Header Files\Applications</Filter>
    </ClInclude>
    <ClInclude Include="Camera.h">
      <Filter>Header Files</Filter>
    </ClInclude>
    <ClInclude Include="Shader.h">
      <Filter>Header Files</Filter>
    </ClInclude>
  </ItemGroup>
  <ItemGroup>
    <None Include="lamp.frag">
      <Filter>Resource Files\Shaders\Fragment</Filter>
    </None>
    <None Include="lighting.frag">
      <Filter>Resource Files\Shaders\Fragment</Filter>
    </None>
    <None Include="fragmentShader.frag">
      <Filter>Resource Files\Shaders\Fragment</Filter>
    </None>
    <None Include="lamp.vs">
      <Filter>Resource Files\Shaders\Vertex</Filter>
    </None>
    <None Include="lighting.vs">
      <Filter>Resource Files\Shaders\Vertex</Filter>
    </None>
    <None Include="vertexShader.vs">
      <Filter>Resource Files\Shaders\Vertex</Filter>
    </None>
    <None Include="BasicMesh.vs">
      <Filter>Resource Files\Shaders\Vertex</Filter>
    </None>
    <None Include="BasicMesh.frag">
      <Filter>Resource Files\Shaders\Fragment</Filter>
    </None>
  </ItemGroup>
</Project>